
Microsoft Visual Studio Solution File, Format Version 12.00
# Visual Studio 14
VisualStudioVersion = 14.0.25420.1
MinimumVisualStudioVersion = 10.0.40219.1
Project("{FAE04EC0-301F-11D3-BF4B-00C04F79EFBC}") = "canvasApiTest", "canvasApiTest\canvasApiTest.csproj", "{78FF41F6-7546-4E84-8D06-D9129FF3B8E0}"
EndProject
Project("{FAE04EC0-301F-11D3-BF4B-00C04F79EFBC}") = "canvasApiLib", "canvasApiLib\canvasApiLib.csproj", "{D3900FC5-A3D3-4C29-A8AE-6AA03B178257}"
EndProject
Global
	GlobalSection(SolutionConfigurationPlatforms) = preSolution
		Debug|Any CPU = Debug|Any CPU
		Release|Any CPU = Release|Any CPU
	EndGlobalSection
	GlobalSection(ProjectConfigurationPlatforms) = postSolution
		{78FF41F6-7546-4E84-8D06-D9129FF3B8E0}.Debug|Any CPU.ActiveCfg = Debug|Any CPU
		{78FF41F6-7546-4E84-8D06-D9129FF3B8E0}.Debug|Any CPU.Build.0 = Debug|Any CPU
		{78FF41F6-7546-4E84-8D06-D9129FF3B8E0}.Release|Any CPU.ActiveCfg = Release|Any CPU
		{78FF41F6-7546-4E84-8D06-D9129FF3B8E0}.Release|Any CPU.Build.0 = Release|Any CPU
		{D3900FC5-A3D3-4C29-A8AE-6AA03B178257}.Debug|Any CPU.ActiveCfg = Debug|Any CPU
		{D3900FC5-A3D3-4C29-A8AE-6AA03B178257}.Debug|Any CPU.Build.0 = Debug|Any CPU
		{D3900FC5-A3D3-4C29-A8AE-6AA03B178257}.Release|Any CPU.ActiveCfg = Release|Any CPU
		{D3900FC5-A3D3-4C29-A8AE-6AA03B178257}.Release|Any CPU.Build.0 = Release|Any CPU
	EndGlobalSection
	GlobalSection(SolutionProperties) = preSolution
		HideSolutionNode = FALSE
	EndGlobalSection
EndGlobal
